
Microsoft Visual Studio Solution File, Format Version 12.00
Project("{FAE04EC0-301F-11D3-BF4B-00C04F79EFBC}") = "FragmenticaManagmentApi", "FragmenticaManagmentApi.csproj", "{53660BD6-6618-4E07-8BD1-28558FFB5A21}"
EndProject
Project("{FAE04EC0-301F-11D3-BF4B-00C04F79EFBC}") = "FragmenticaManagmentDomain", "..\FragmenticaManagmentDomain\FragmenticaManagmentDomain.csproj", "{48288586-8594-4731-B7DF-72FFC0D252E2}"
EndProject
Project("{FAE04EC0-301F-11D3-BF4B-00C04F79EFBC}") = "FragmenticaManagmentMigrations", "..\FragmenticaManagmentMigrations\FragmenticaManagmentMigrations.csproj", "{549617FF-D204-4CE9-AD52-1B4ABDF00CF0}"
EndProject
Project("{FAE04EC0-301F-11D3-BF4B-00C04F79EFBC}") = "FragmenticaManagmentTests", "..\FragmenticaManagmentTests\FragmenticaManagmentTests.csproj", "{996E65C0-F856-4453-A86C-4A0BC82059EE}"
EndProject
Project("{FAE04EC0-301F-11D3-BF4B-00C04F79EFBC}") = "FragmenticaManagmentInfrastracture", "..\FragmenticaManagmentInfrastracture\FragmenticaManagmentInfrastracture\FragmenticaManagmentInfrastracture.csproj", "{754551CD-8317-4109-8226-870A8FA4A794}"
EndProject
Global
	GlobalSection(SolutionConfigurationPlatforms) = preSolution
		Debug|Any CPU = Debug|Any CPU
		Release|Any CPU = Release|Any CPU
	EndGlobalSection
	GlobalSection(ProjectConfigurationPlatforms) = postSolution
		{53660BD6-6618-4E07-8BD1-28558FFB5A21}.Debug|Any CPU.ActiveCfg = Debug|Any CPU
		{53660BD6-6618-4E07-8BD1-28558FFB5A21}.Debug|Any CPU.Build.0 = Debug|Any CPU
		{53660BD6-6618-4E07-8BD1-28558FFB5A21}.Release|Any CPU.ActiveCfg = Release|Any CPU
		{53660BD6-6618-4E07-8BD1-28558FFB5A21}.Release|Any CPU.Build.0 = Release|Any CPU
		{48288586-8594-4731-B7DF-72FFC0D252E2}.Debug|Any CPU.ActiveCfg = Debug|Any CPU
		{48288586-8594-4731-B7DF-72FFC0D252E2}.Debug|Any CPU.Build.0 = Debug|Any CPU
		{48288586-8594-4731-B7DF-72FFC0D252E2}.Release|Any CPU.ActiveCfg = Release|Any CPU
		{48288586-8594-4731-B7DF-72FFC0D252E2}.Release|Any CPU.Build.0 = Release|Any CPU
		{549617FF-D204-4CE9-AD52-1B4ABDF00CF0}.Debug|Any CPU.ActiveCfg = Debug|Any CPU
		{549617FF-D204-4CE9-AD52-1B4ABDF00CF0}.Debug|Any CPU.Build.0 = Debug|Any CPU
		{549617FF-D204-4CE9-AD52-1B4ABDF00CF0}.Release|Any CPU.ActiveCfg = Release|Any CPU
		{549617FF-D204-4CE9-AD52-1B4ABDF00CF0}.Release|Any CPU.Build.0 = Release|Any CPU
		{996E65C0-F856-4453-A86C-4A0BC82059EE}.Debug|Any CPU.ActiveCfg = Debug|Any CPU
		{996E65C0-F856-4453-A86C-4A0BC82059EE}.Debug|Any CPU.Build.0 = Debug|Any CPU
		{996E65C0-F856-4453-A86C-4A0BC82059EE}.Release|Any CPU.ActiveCfg = Release|Any CPU
		{996E65C0-F856-4453-A86C-4A0BC82059EE}.Release|Any CPU.Build.0 = Release|Any CPU
		{754551CD-8317-4109-8226-870A8FA4A794}.Debug|Any CPU.ActiveCfg = Debug|Any CPU
		{754551CD-8317-4109-8226-870A8FA4A794}.Debug|Any CPU.Build.0 = Debug|Any CPU
		{754551CD-8317-4109-8226-870A8FA4A794}.Release|Any CPU.ActiveCfg = Release|Any CPU
		{754551CD-8317-4109-8226-870A8FA4A794}.Release|Any CPU.Build.0 = Release|Any CPU
	EndGlobalSection
	GlobalSection(NestedProjects) = preSolution
	EndGlobalSection
EndGlobal
